// !$*UTF8*$!
{
	archiveVersion = 1;
	classes = {
	};
	objectVersion = 46;
	objects = {

/* Begin PBXBuildFile section */
		7BFAA0FA1A36C13500CD9775 /* main.m in Sources */ = {isa = PBXBuildFile; fileRef = 7BFAA0F91A36C13500CD9775 /* main.m */; };
		7BFAA0FD1A36C13500CD9775 /* AppDelegate.m in Sources */ = {isa = PBXBuildFile; fileRef = 7BFAA0FC1A36C13500CD9775 /* AppDelegate.m */; };
		7BFAA1001A36C13500CD9775 /* ViewController.m in Sources */ = {isa = PBXBuildFile; fileRef = 7BFAA0FF1A36C13500CD9775 /* ViewController.m */; };
		7BFAA1031A36C13500CD9775 /* Main.storyboard in Resources */ = {isa = PBXBuildFile; fileRef = 7BFAA1011A36C13500CD9775 /* Main.storyboard */; };
		7BFAA1051A36C13500CD9775 /* Images.xcassets in Resources */ = {isa = PBXBuildFile; fileRef = 7BFAA1041A36C13500CD9775 /* Images.xcassets */; };
		7BFAA1081A36C13500CD9775 /* LaunchScreen.xib in Resources */ = {isa = PBXBuildFile; fileRef = 7BFAA1061A36C13500CD9775 /* LaunchScreen.xib */; };
		7BFAA1141A36C13500CD9775 /* ImageEffects_DemoTests.m in Sources */ = {isa = PBXBuildFile; fileRef = 7BFAA1131A36C13500CD9775 /* ImageEffects_DemoTests.m */; };
		7BFAA12E1A36D25300CD9775 /* UIImage+ImageEffects.m in Sources */ = {isa = PBXBuildFile; fileRef = 7BFAA12B1A36D25300CD9775 /* UIImage+ImageEffects.m */; };
		7BFAA12F1A36D25300CD9775 /* UIImage+takeSnapshot.m in Sources */ = {isa = PBXBuildFile; fileRef = 7BFAA12D1A36D25300CD9775 /* UIImage+takeSnapshot.m */; };
		7BFAA1331A36D2BA00CD9775 /* ImageEffects.podspec in Resources */ = {isa = PBXBuildFile; fileRef = 7BFAA1321A36D2BA00CD9775 /* ImageEffects.podspec */; };
/* End PBXBuildFile section */

/* Begin PBXContainerItemProxy section */
		7BFAA10E1A36C13500CD9775 /* PBXContainerItemProxy */ = {
			isa = PBXContainerItemProxy;
			containerPortal = 7BFAA0EC1A36C13500CD9775 /* Project object */;
			proxyType = 1;
			remoteGlobalIDString = 7BFAA0F31A36C13500CD9775;
			remoteInfo = ImageEffects_Demo;
		};
/* End PBXContainerItemProxy section */

/* Begin PBXFileReference section */
		7BFAA0F41A36C13500CD9775 /* ImageEffects_Demo.app */ = {isa = PBXFileReference; explicitFileType = wrapper.application; includeInIndex = 0; path = ImageEffects_Demo.app; sourceTree = BUILT_PRODUCTS_DIR; };
		7BFAA0F81A36C13500CD9775 /* Info.plist */ = {isa = PBXFileReference; lastKnownFileType = text.plist.xml; path = Info.plist; sourceTree = "<group>"; };
		7BFAA0F91A36C13500CD9775 /* main.m */ = {isa = PBXFileReference; lastKnownFileType = sourcecode.c.objc; path = main.m; sourceTree = "<group>"; };
		7BFAA0FB1A36C13500CD9775 /* AppDelegate.h */ = {isa = PBXFileReference; lastKnownFileType = sourcecode.c.h; path = AppDelegate.h; sourceTree = "<group>"; };
		7BFAA0FC1A36C13500CD9775 /* AppDelegate.m */ = {isa = PBXFileReference; lastKnownFileType = sourcecode.c.objc; path = AppDelegate.m; sourceTree = "<group>"; };
		7BFAA0FE1A36C13500CD9775 /* ViewController.h */ = {isa = PBXFileReference; lastKnownFileType = sourcecode.c.h; path = ViewController.h; sourceTree = "<group>"; };
		7BFAA0FF1A36C13500CD9775 /* ViewController.m */ = {isa = PBXFileReference; lastKnownFileType = sourcecode.c.objc; path = ViewController.m; sourceTree = "<group>"; };
		7BFAA1021A36C13500CD9775 /* Base */ = {isa = PBXFileReference; lastKnownFileType = file.storyboard; name = Base; path = Base.lproj/Main.storyboard; sourceTree = "<group>"; };
		7BFAA1041A36C13500CD9775 /* Images.xcassets */ = {isa = PBXFileReference; lastKnownFileType = folder.assetcatalog; path = Images.xcassets; sourceTree = "<group>"; };
		7BFAA1071A36C13500CD9775 /* Base */ = {isa = PBXFileReference; lastKnownFileType = file.xib; name = Base; path = Base.lproj/LaunchScreen.xib; sourceTree = "<group>"; };
		7BFAA10D1A36C13500CD9775 /* ImageEffects_DemoTests.xctest */ = {isa = PBXFileReference; explicitFileType = wrapper.cfbundle; includeInIndex = 0; path = ImageEffects_DemoTests.xctest; sourceTree = BUILT_PRODUCTS_DIR; };
		7BFAA1121A36C13500CD9775 /* Info.plist */ = {isa = PBXFileReference; lastKnownFileType = text.plist.xml; path = Info.plist; sourceTree = "<group>"; };
		7BFAA1131A36C13500CD9775 /* ImageEffects_DemoTests.m */ = {isa = PBXFileReference; lastKnownFileType = sourcecode.c.objc; path = ImageEffects_DemoTests.m; sourceTree = "<group>"; };
		7BFAA12A1A36D25300CD9775 /* UIImage+ImageEffects.h */ = {isa = PBXFileReference; fileEncoding = 4; lastKnownFileType = sourcecode.c.h; name = "UIImage+ImageEffects.h"; path = "../Classes/UIImage+ImageEffects.h"; sourceTree = "<group>"; };
		7BFAA12B1A36D25300CD9775 /* UIImage+ImageEffects.m */ = {isa = PBXFileReference; fileEncoding = 4; lastKnownFileType = sourcecode.c.objc; name = "UIImage+ImageEffects.m"; path = "../Classes/UIImage+ImageEffects.m"; sourceTree = "<group>"; };
		7BFAA12C1A36D25300CD9775 /* UIImage+takeSnapshot.h */ = {isa = PBXFileReference; fileEncoding = 4; lastKnownFileType = sourcecode.c.h; name = "UIImage+takeSnapshot.h"; path = "../Classes/UIImage+takeSnapshot.h"; sourceTree = "<group>"; };
		7BFAA12D1A36D25300CD9775 /* UIImage+takeSnapshot.m */ = {isa = PBXFileReference; fileEncoding = 4; lastKnownFileType = sourcecode.c.objc; name = "UIImage+takeSnapshot.m"; path = "../Classes/UIImage+takeSnapshot.m"; sourceTree = "<group>"; };
		7BFAA1311A36D28A00CD9775 /* ImageEffects.h */ = {isa = PBXFileReference; lastKnownFileType = sourcecode.c.h; name = ImageEffects.h; path = ../Classes/ImageEffects.h; sourceTree = "<group>"; };
		7BFAA1321A36D2BA00CD9775 /* ImageEffects.podspec */ = {isa = PBXFileReference; fileEncoding = 4; lastKnownFileType = text; name = ImageEffects.podspec; path = ../ImageEffects.podspec; sourceTree = "<group>"; };
/* End PBXFileReference section */

/* Begin PBXFrameworksBuildPhase section */
		7BFAA0F11A36C13500CD9775 /* Frameworks */ = {
			isa = PBXFrameworksBuildPhase;
			buildActionMask = 2147483647;
			files = (
			);
			runOnlyForDeploymentPostprocessing = 0;
		};
		7BFAA10A1A36C13500CD9775 /* Frameworks */ = {
			isa = PBXFrameworksBuildPhase;
			buildActionMask = 2147483647;
			files = (
			);
			runOnlyForDeploymentPostprocessing = 0;
		};
/* End PBXFrameworksBuildPhase section */

/* Begin PBXGroup section */
		7BFAA0EB1A36C13500CD9775 = {
			isa = PBXGroup;
			children = (
				7BFAA1321A36D2BA00CD9775 /* ImageEffects.podspec */,
				7BFAA1301A36D25800CD9775 /* classes */,
				7BFAA0F61A36C13500CD9775 /* ImageEffects_Demo */,
				7BFAA1101A36C13500CD9775 /* ImageEffects_DemoTests */,
				7BFAA0F51A36C13500CD9775 /* Products */,
			);
			sourceTree = "<group>";
		};
		7BFAA0F51A36C13500CD9775 /* Products */ = {
			isa = PBXGroup;
			children = (
				7BFAA0F41A36C13500CD9775 /* ImageEffects_Demo.app */,
				7BFAA10D1A36C13500CD9775 /* ImageEffects_DemoTests.xctest */,
			);
			name = Products;
			sourceTree = "<group>";
		};
		7BFAA0F61A36C13500CD9775 /* ImageEffects_Demo */ = {
			isa = PBXGroup;
			children = (
				7BFAA0FB1A36C13500CD9775 /* AppDelegate.h */,
				7BFAA0FC1A36C13500CD9775 /* AppDelegate.m */,
				7BFAA0FE1A36C13500CD9775 /* ViewController.h */,
				7BFAA0FF1A36C13500CD9775 /* ViewController.m */,
				7BFAA1011A36C13500CD9775 /* Main.storyboard */,
				7BFAA1041A36C13500CD9775 /* Images.xcassets */,
				7BFAA1061A36C13500CD9775 /* LaunchScreen.xib */,
				7BFAA0F71A36C13500CD9775 /* Supporting Files */,
			);
			path = ImageEffects_Demo;
			sourceTree = "<group>";
		};
		7BFAA0F71A36C13500CD9775 /* Supporting Files */ = {
			isa = PBXGroup;
			children = (
				7BFAA0F81A36C13500CD9775 /* Info.plist */,
				7BFAA0F91A36C13500CD9775 /* main.m */,
			);
			name = "Supporting Files";
			sourceTree = "<group>";
		};
		7BFAA1101A36C13500CD9775 /* ImageEffects_DemoTests */ = {
			isa = PBXGroup;
			children = (
				7BFAA1131A36C13500CD9775 /* ImageEffects_DemoTests.m */,
				7BFAA1111A36C13500CD9775 /* Supporting Files */,
			);
			path = ImageEffects_DemoTests;
			sourceTree = "<group>";
		};
		7BFAA1111A36C13500CD9775 /* Supporting Files */ = {
			isa = PBXGroup;
			children = (
				7BFAA1121A36C13500CD9775 /* Info.plist */,
			);
			name = "Supporting Files";
			sourceTree = "<group>";
		};
		7BFAA1301A36D25800CD9775 /* classes */ = {
			isa = PBXGroup;
			children = (
				7BFAA1311A36D28A00CD9775 /* ImageEffects.h */,
				7BFAA12A1A36D25300CD9775 /* UIImage+ImageEffects.h */,
				7BFAA12B1A36D25300CD9775 /* UIImage+ImageEffects.m */,
				7BFAA12C1A36D25300CD9775 /* UIImage+takeSnapshot.h */,
				7BFAA12D1A36D25300CD9775 /* UIImage+takeSnapshot.m */,
			);
			name = classes;
			sourceTree = "<group>";
		};
/* End PBXGroup section */

/* Begin PBXNativeTarget section */
		7BFAA0F31A36C13500CD9775 /* ImageEffects_Demo */ = {
			isa = PBXNativeTarget;
			buildConfigurationList = 7BFAA1171A36C13500CD9775 /* Build configuration list for PBXNativeTarget "ImageEffects_Demo" */;
			buildPhases = (
				7BFAA0F01A36C13500CD9775 /* Sources */,
				7BFAA0F11A36C13500CD9775 /* Frameworks */,
				7BFAA0F21A36C13500CD9775 /* Resources */,
			);
			buildRules = (
			);
			dependencies = (
			);
			name = ImageEffects_Demo;
			productName = ImageEffects_Demo;
			productReference = 7BFAA0F41A36C13500CD9775 /* ImageEffects_Demo.app */;
			productType = "com.apple.product-type.application";
		};
		7BFAA10C1A36C13500CD9775 /* ImageEffects_DemoTests */ = {
			isa = PBXNativeTarget;
			buildConfigurationList = 7BFAA11A1A36C13500CD9775 /* Build configuration list for PBXNativeTarget "ImageEffects_DemoTests" */;
			buildPhases = (
				7BFAA1091A36C13500CD9775 /* Sources */,
				7BFAA10A1A36C13500CD9775 /* Frameworks */,
				7BFAA10B1A36C13500CD9775 /* Resources */,
			);
			buildRules = (
			);
			dependencies = (
				7BFAA10F1A36C13500CD9775 /* PBXTargetDependency */,
			);
			name = ImageEffects_DemoTests;
			productName = ImageEffects_DemoTests;
			productReference = 7BFAA10D1A36C13500CD9775 /* ImageEffects_DemoTests.xctest */;
			productType = "com.apple.product-type.bundle.unit-test";
		};
/* End PBXNativeTarget section */

/* Begin PBXProject section */
		7BFAA0EC1A36C13500CD9775 /* Project object */ = {
			isa = PBXProject;
			attributes = {
				LastUpgradeCheck = 0610;
				ORGANIZATIONNAME = Jeffery;
				TargetAttributes = {
					7BFAA0F31A36C13500CD9775 = {
						CreatedOnToolsVersion = 6.1;
					};
					7BFAA10C1A36C13500CD9775 = {
						CreatedOnToolsVersion = 6.1;
						TestTargetID = 7BFAA0F31A36C13500CD9775;
					};
				};
			};
			buildConfigurationList = 7BFAA0EF1A36C13500CD9775 /* Build configuration list for PBXProject "ImageEffects_Demo" */;
			compatibilityVersion = "Xcode 3.2";
			developmentRegion = English;
			hasScannedForEncodings = 0;
			knownRegions = (
				en,
				Base,
			);
			mainGroup = 7BFAA0EB1A36C13500CD9775;
			productRefGroup = 7BFAA0F51A36C13500CD9775 /* Products */;
			projectDirPath = "";
			projectRoot = "";
			targets = (
				7BFAA0F31A36C13500CD9775 /* ImageEffects_Demo */,
				7BFAA10C1A36C13500CD9775 /* ImageEffects_DemoTests */,
			);
		};
/* End PBXProject section */

/* Begin PBXResourcesBuildPhase section */
		7BFAA0F21A36C13500CD9775 /* Resources */ = {
			isa = PBXResourcesBuildPhase;
			buildActionMask = 2147483647;
			files = (
				7BFAA1031A36C13500CD9775 /* Main.storyboard in Resources */,
				7BFAA1081A36C13500CD9775 /* LaunchScreen.xib in Resources */,
				7BFAA1051A36C13500CD9775 /* Images.xcassets in Resources */,
				7BFAA1331A36D2BA00CD9775 /* ImageEffects.podspec in Resources */,
			);
			runOnlyForDeploymentPostprocessing = 0;
		};
		7BFAA10B1A36C13500CD9775 /* Resources */ = {
			isa = PBXResourcesBuildPhase;
			buildActionMask = 2147483647;
			files = (
			);
			runOnlyForDeploymentPostprocessing = 0;
		};
/* End PBXResourcesBuildPhase section */

/* Begin PBXSourcesBuildPhase section */
		7BFAA0F01A36C13500CD9775 /* Sources */ = {
			isa = PBXSourcesBuildPhase;
			buildActionMask = 2147483647;
			files = (
				7BFAA12E1A36D25300CD9775 /* UIImage+ImageEffects.m in Sources */,
				7BFAA1001A36C13500CD9775 /* ViewController.m in Sources */,
				7BFAA0FD1A36C13500CD9775 /* AppDelegate.m in Sources */,
				7BFAA0FA1A36C13500CD9775 /* main.m in Sources */,
				7BFAA12F1A36D25300CD9775 /* UIImage+takeSnapshot.m in Sources */,
			);
			runOnlyForDeploymentPostprocessing = 0;
		};
		7BFAA1091A36C13500CD9775 /* Sources */ = {
			isa = PBXSourcesBuildPhase;
			buildActionMask = 2147483647;
			files = (
				7BFAA1141A36C13500CD9775 /* ImageEffects_DemoTests.m in Sources */,
			);
			runOnlyForDeploymentPostprocessing = 0;
		};
/* End PBXSourcesBuildPhase section */

/* Begin PBXTargetDependency section */
		7BFAA10F1A36C13500CD9775 /* PBXTargetDependency */ = {
			isa = PBXTargetDependency;
			target = 7BFAA0F31A36C13500CD9775 /* ImageEffects_Demo */;
			targetProxy = 7BFAA10E1A36C13500CD9775 /* PBXContainerItemProxy */;
		};
/* End PBXTargetDependency section */

/* Begin PBXVariantGroup section */
		7BFAA1011A36C13500CD9775 /* Main.storyboard */ = {
			isa = PBXVariantGroup;
			children = (
				7BFAA1021A36C13500CD9775 /* Base */,
			);
			name = Main.storyboard;
			sourceTree = "<group>";
		};
		7BFAA1061A36C13500CD9775 /* LaunchScreen.xib */ = {
			isa = PBXVariantGroup;
			children = (
				7BFAA1071A36C13500CD9775 /* Base */,
			);
			name = LaunchScreen.xib;
			sourceTree = "<group>";
		};
/* End PBXVariantGroup section */

/* Begin XCBuildConfiguration section */
		7BFAA1151A36C13500CD9775 /* Debug */ = {
			isa = XCBuildConfiguration;
			buildSettings = {
				ALWAYS_SEARCH_USER_PATHS = NO;
				CLANG_CXX_LANGUAGE_STANDARD = "gnu++0x";
				CLANG_CXX_LIBRARY = "libc++";
				CLANG_ENABLE_MODULES = YES;
				CLANG_ENABLE_OBJC_ARC = YES;
				CLANG_WARN_BOOL_CONVERSION = YES;
				CLANG_WARN_CONSTANT_CONVERSION = YES;
				CLANG_WARN_DIRECT_OBJC_ISA_USAGE = YES_ERROR;
				CLANG_WARN_EMPTY_BODY = YES;
				CLANG_WARN_ENUM_CONVERSION = YES;
				CLANG_WARN_INT_CONVERSION = YES;
				CLANG_WARN_OBJC_ROOT_CLASS = YES_ERROR;
				CLANG_WARN_UNREACHABLE_CODE = YES;
				CLANG_WARN__DUPLICATE_METHOD_MATCH = YES;
				"CODE_SIGN_IDENTITY[sdk=iphoneos*]" = "iPhone Developer";
				COPY_PHASE_STRIP = NO;
				ENABLE_STRICT_OBJC_MSGSEND = YES;
				GCC_C_LANGUAGE_STANDARD = gnu99;
				GCC_DYNAMIC_NO_PIC = NO;
				GCC_OPTIMIZATION_LEVEL = 0;
				GCC_PREPROCESSOR_DEFINITIONS = (
					"DEBUG=1",
					"$(inherited)",
				);
				GCC_SYMBOLS_PRIVATE_EXTERN = NO;
				GCC_WARN_64_TO_32_BIT_CONVERSION = YES;
				GCC_WARN_ABOUT_RETURN_TYPE = YES_ERROR;
				GCC_WARN_UNDECLARED_SELECTOR = YES;
				GCC_WARN_UNINITIALIZED_AUTOS = YES_AGGRESSIVE;
				GCC_WARN_UNUSED_FUNCTION = YES;
				GCC_WARN_UNUSED_VARIABLE = YES;
				IPHONEOS_DEPLOYMENT_TARGET = 8.1;
				MTL_ENABLE_DEBUG_INFO = YES;
				ONLY_ACTIVE_ARCH = YES;
				SDKROOT = iphoneos;
			};
			name = Debug;
		};
		7BFAA1161A36C13500CD9775 /* Release */ = {
			isa = XCBuildConfiguration;
			buildSettings = {
				ALWAYS_SEARCH_USER_PATHS = NO;
				CLANG_CXX_LANGUAGE_STANDARD = "gnu++0x";
				CLANG_CXX_LIBRARY = "libc++";
				CLANG_ENABLE_MODULES = YES;
				CLANG_ENABLE_OBJC_ARC = YES;
				CLANG_WARN_BOOL_CONVERSION = YES;
				CLANG_WARN_CONSTANT_CONVERSION = YES;
				CLANG_WARN_DIRECT_OBJC_ISA_USAGE = YES_ERROR;
				CLANG_WARN_EMPTY_BODY = YES;
				CLANG_WARN_ENUM_CONVERSION = YES;
				CLANG_WARN_INT_CONVERSION = YES;
				CLANG_WARN_OBJC_ROOT_CLASS = YES_ERROR;
				CLANG_WARN_UNREACHABLE_CODE = YES;
				CLANG_WARN__DUPLICATE_METHOD_MATCH = YES;
				"CODE_SIGN_IDENTITY[sdk=iphoneos*]" = "iPhone Developer";
				COPY_PHASE_STRIP = YES;
				ENABLE_NS_ASSERTIONS = NO;
				ENABLE_STRICT_OBJC_MSGSEND = YES;
				GCC_C_LANGUAGE_STANDARD = gnu99;
				GCC_WARN_64_TO_32_BIT_CONVERSION = YES;
				GCC_WARN_ABOUT_RETURN_TYPE = YES_ERROR;
				GCC_WARN_UNDECLARED_SELECTOR = YES;
				GCC_WARN_UNINITIALIZED_AUTOS = YES_AGGRESSIVE;
				GCC_WARN_UNUSED_FUNCTION = YES;
				GCC_WARN_UNUSED_VARIABLE = YES;
				IPHONEOS_DEPLOYMENT_TARGET = 8.1;
				MTL_ENABLE_DEBUG_INFO = NO;
				SDKROOT = iphoneos;
				VALIDATE_PRODUCT = YES;
			};
			name = Release;
		};
		7BFAA1181A36C13500CD9775 /* Debug */ = {
			isa = XCBuildConfiguration;
			buildSettings = {
				ASSETCATALOG_COMPILER_APPICON_NAME = AppIcon;
				INFOPLIST_FILE = ImageEffects_Demo/Info.plist;
				LD_RUNPATH_SEARCH_PATHS = "$(inherited) @executable_path/Frameworks";
				PRODUCT_NAME = "$(TARGET_NAME)";
			};
			name = Debug;
		};
		7BFAA1191A36C13500CD9775 /* Release */ = {
			isa = XCBuildConfiguration;
			buildSettings = {
				ASSETCATALOG_COMPILER_APPICON_NAME = AppIcon;
				INFOPLIST_FILE = ImageEffects_Demo/Info.plist;
				LD_RUNPATH_SEARCH_PATHS = "$(inherited) @executable_path/Frameworks";
				PRODUCT_NAME = "$(TARGET_NAME)";
			};
			name = Release;
		};
		7BFAA11B1A36C13500CD9775 /* Debug */ = {
			isa = XCBuildConfiguration;
			buildSettings = {
				BUNDLE_LOADER = "$(TEST_HOST)";
				FRAMEWORK_SEARCH_PATHS = (
					"$(SDKROOT)/Developer/Library/Frameworks",
					"$(inherited)",
				);
				GCC_PREPROCESSOR_DEFINITIONS = (
					"DEBUG=1",
					"$(inherited)",
				);
				INFOPLIST_FILE = ImageEffects_DemoTests/Info.plist;
				LD_RUNPATH_SEARCH_PATHS = "$(inherited) @executable_path/Frameworks @loader_path/Frameworks";
				PRODUCT_NAME = "$(TARGET_NAME)";
				TEST_HOST = "$(BUILT_PRODUCTS_DIR)/ImageEffects_Demo.app/ImageEffects_Demo";
			};
			name = Debug;
		};
		7BFAA11C1A36C13500CD9775 /* Release */ = {
			isa = XCBuildConfiguration;
			buildSettings = {
				BUNDLE_LOADER = "$(TEST_HOST)";
				FRAMEWORK_SEARCH_PATHS = (
					"$(SDKROOT)/Developer/Library/Frameworks",
					"$(inherited)",
				);
				INFOPLIST_FILE = ImageEffects_DemoTests/Info.plist;
				LD_RUNPATH_SEARCH_PATHS = "$(inherited) @executable_path/Frameworks @loader_path/Frameworks";
				PRODUCT_NAME = "$(TARGET_NAME)";
				TEST_HOST = "$(BUILT_PRODUCTS_DIR)/ImageEffects_Demo.app/ImageEffects_Demo";
			};
			name = Release;
		};
/* End XCBuildConfiguration section */

/* Begin XCConfigurationList section */
		7BFAA0EF1A36C13500CD9775 /* Build configuration list for PBXProject "ImageEffects_Demo" */ = {
			isa = XCConfigurationList;
			buildConfigurations = (
				7BFAA1151A36C13500CD9775 /* Debug */,
				7BFAA1161A36C13500CD9775 /* Release */,
			);
			defaultConfigurationIsVisible = 0;
			defaultConfigurationName = Release;
		};
		7BFAA1171A36C13500CD9775 /* Build configuration list for PBXNativeTarget "ImageEffects_Demo" */ = {
			isa = XCConfigurationList;
			buildConfigurations = (
				7BFAA1181A36C13500CD9775 /* Debug */,
				7BFAA1191A36C13500CD9775 /* Release */,
			);
			defaultConfigurationIsVisible = 0;
			defaultConfigurationName = Release;
		};
		7BFAA11A1A36C13500CD9775 /* Build configuration list for PBXNativeTarget "ImageEffects_DemoTests" */ = {
			isa = XCConfigurationList;
			buildConfigurations = (
				7BFAA11B1A36C13500CD9775 /* Debug */,
				7BFAA11C1A36C13500CD9775 /* Release */,
			);
			defaultConfigurationIsVisible = 0;
			defaultConfigurationName = Release;
		};
/* End XCConfigurationList section */
	};
	rootObject = 7BFAA0EC1A36C13500CD9775 /* Project object */;
}
